
Microsoft Visual Studio Solution File, Format Version 12.00
# Visual Studio Version 17
VisualStudioVersion = 17.3.32929.385
MinimumVisualStudioVersion = 10.0.40219.1
Project("{FAE04EC0-301F-11D3-BF4B-00C04F79EFBC}") = "WpfEntity", "WpfEntity\WpfEntity.csproj", "{DDD667A8-A011-4892-A2DC-9FB5B4A7BB0C}"
EndProject
Global
	GlobalSection(SolutionConfigurationPlatforms) = preSolution
		Debug|Any CPU = Debug|Any CPU
		Release|Any CPU = Release|Any CPU
	EndGlobalSection
	GlobalSection(ProjectConfigurationPlatforms) = postSolution
		{DDD667A8-A011-4892-A2DC-9FB5B4A7BB0C}.Debug|Any CPU.ActiveCfg = Debug|Any CPU
		{DDD667A8-A011-4892-A2DC-9FB5B4A7BB0C}.Debug|Any CPU.Build.0 = Debug|Any CPU
		{DDD667A8-A011-4892-A2DC-9FB5B4A7BB0C}.Release|Any CPU.ActiveCfg = Release|Any CPU
		{DDD667A8-A011-4892-A2DC-9FB5B4A7BB0C}.Release|Any CPU.Build.0 = Release|Any CPU
	EndGlobalSection
	GlobalSection(SolutionProperties) = preSolution
		HideSolutionNode = FALSE
	EndGlobalSection
	GlobalSection(ExtensibilityGlobals) = postSolution
		SolutionGuid = {E812770C-E18A-4CCA-85D6-0D4986903C54}
	EndGlobalSection
EndGlobal
